// !$*UTF8*$!
{
	archiveVersion = 1;
	classes = {
	};
	objectVersion = 46;
	objects = {

/* Begin PBXBuildFile section */
		1EB7236A58F128DAE485B26F /* Pods_PLCodeTestTests.framework in Frameworks */ = {isa = PBXBuildFile; fileRef = 36115CE4A46528F70E2B549F /* Pods_PLCodeTestTests.framework */; };
		300A25A31DA85146007D653F /* PLErrors.swift in Sources */ = {isa = PBXBuildFile; fileRef = 300A25A21DA85146007D653F /* PLErrors.swift */; };
		300A25A61DA85B69007D653F /* PLExtensionMainTableDataSource.swift in Sources */ = {isa = PBXBuildFile; fileRef = 300A25A51DA85B69007D653F /* PLExtensionMainTableDataSource.swift */; };
		300A25A81DA85C29007D653F /* PLExtensionMainTableDelegate.swift in Sources */ = {isa = PBXBuildFile; fileRef = 300A25A71DA85C29007D653F /* PLExtensionMainTableDelegate.swift */; };
		300A25AB1DA86617007D653F /* PLAddBookViewController.swift in Sources */ = {isa = PBXBuildFile; fileRef = 300A25AA1DA86617007D653F /* PLAddBookViewController.swift */; };
		30D556591DA94F95006D7003 /* PLNewBookFormView.swift in Sources */ = {isa = PBXBuildFile; fileRef = 30D556581DA94F95006D7003 /* PLNewBookFormView.swift */; };
		30D5565B1DA94FAF006D7003 /* PLNewBookFormView.xib in Resources */ = {isa = PBXBuildFile; fileRef = 30D5565A1DA94FAF006D7003 /* PLNewBookFormView.xib */; };
		30D5565D1DA9892D006D7003 /* PLValidator.swift in Sources */ = {isa = PBXBuildFile; fileRef = 30D5565C1DA9892D006D7003 /* PLValidator.swift */; };
		30D556601DA9979B006D7003 /* PLExtensionAddBookViewController.swift in Sources */ = {isa = PBXBuildFile; fileRef = 30D5565F1DA9979B006D7003 /* PLExtensionAddBookViewController.swift */; };
		30FEBEB51DA7F67D00B80010 /* AppDelegate.swift in Sources */ = {isa = PBXBuildFile; fileRef = 30FEBEB41DA7F67D00B80010 /* AppDelegate.swift */; };
		30FEBEB71DA7F67D00B80010 /* PLMainViewController.swift in Sources */ = {isa = PBXBuildFile; fileRef = 30FEBEB61DA7F67D00B80010 /* PLMainViewController.swift */; };
		30FEBEBA1DA7F67D00B80010 /* Main.storyboard in Resources */ = {isa = PBXBuildFile; fileRef = 30FEBEB81DA7F67D00B80010 /* Main.storyboard */; };
		30FEBEBC1DA7F67D00B80010 /* Assets.xcassets in Resources */ = {isa = PBXBuildFile; fileRef = 30FEBEBB1DA7F67D00B80010 /* Assets.xcassets */; };
		30FEBEBF1DA7F67D00B80010 /* LaunchScreen.storyboard in Resources */ = {isa = PBXBuildFile; fileRef = 30FEBEBD1DA7F67D00B80010 /* LaunchScreen.storyboard */; };
		30FEBECA1DA7F67D00B80010 /* PLCodeTestTests.swift in Sources */ = {isa = PBXBuildFile; fileRef = 30FEBEC91DA7F67D00B80010 /* PLCodeTestTests.swift */; };
		30FEBED51DA7F67D00B80010 /* PLCodeTestUITests.swift in Sources */ = {isa = PBXBuildFile; fileRef = 30FEBED41DA7F67D00B80010 /* PLCodeTestUITests.swift */; };
		30FEBEE91DA7FBF300B80010 /* PLConstants.swift in Sources */ = {isa = PBXBuildFile; fileRef = 30FEBEE81DA7FBF300B80010 /* PLConstants.swift */; };
		30FEBEEB1DA7FF4600B80010 /* PLBook.swift in Sources */ = {isa = PBXBuildFile; fileRef = 30FEBEEA1DA7FF4600B80010 /* PLBook.swift */; };
		30FEBEEE1DA814BE00B80010 /* PLAPIService.swift in Sources */ = {isa = PBXBuildFile; fileRef = 30FEBEED1DA814BE00B80010 /* PLAPIService.swift */; };
		30FEBEF01DA81C2900B80010 /* PLBooks.swift in Sources */ = {isa = PBXBuildFile; fileRef = 30FEBEEF1DA81C2900B80010 /* PLBooks.swift */; };
		30FEBEF21DA833E900B80010 /* Default-568h@2x.png in Resources */ = {isa = PBXBuildFile; fileRef = 30FEBEF11DA833E900B80010 /* Default-568h@2x.png */; };
		57304B6E82CAB6EF56F98391 /* Pods_PLCodeTest.framework in Frameworks */ = {isa = PBXBuildFile; fileRef = 5EEB2A7A8D40CA6DC0D79AC5 /* Pods_PLCodeTest.framework */; };
		713FE04CC469018F2AFF3CE3 /* Pods_PLCodeTestUITests.framework in Frameworks */ = {isa = PBXBuildFile; fileRef = 0401BF5D021FF4197806B3E0 /* Pods_PLCodeTestUITests.framework */; };
/* End PBXBuildFile section */

/* Begin PBXContainerItemProxy section */
		30FEBEC61DA7F67D00B80010 /* PBXContainerItemProxy */ = {
			isa = PBXContainerItemProxy;
			containerPortal = 30FEBEA91DA7F67D00B80010 /* Project object */;
			proxyType = 1;
			remoteGlobalIDString = 30FEBEB01DA7F67D00B80010;
			remoteInfo = PLCodeTest;
		};
		30FEBED11DA7F67D00B80010 /* PBXContainerItemProxy */ = {
			isa = PBXContainerItemProxy;
			containerPortal = 30FEBEA91DA7F67D00B80010 /* Project object */;
			proxyType = 1;
			remoteGlobalIDString = 30FEBEB01DA7F67D00B80010;
			remoteInfo = PLCodeTest;
		};
/* End PBXContainerItemProxy section */

/* Begin PBXFileReference section */
		0401BF5D021FF4197806B3E0 /* Pods_PLCodeTestUITests.framework */ = {isa = PBXFileReference; explicitFileType = wrapper.framework; includeInIndex = 0; path = Pods_PLCodeTestUITests.framework; sourceTree = BUILT_PRODUCTS_DIR; };
		197447C4FC4A15BED393FFB8 /* Pods-PLCodeTestTests.release.xcconfig */ = {isa = PBXFileReference; includeInIndex = 1; lastKnownFileType = text.xcconfig; name = "Pods-PLCodeTestTests.release.xcconfig"; path = "Pods/Target Support Files/Pods-PLCodeTestTests/Pods-PLCodeTestTests.release.xcconfig"; sourceTree = "<group>"; };
		1C834D5DE75777D1B8B71123 /* Pods-PLCodeTestUITests.release.xcconfig */ = {isa = PBXFileReference; includeInIndex = 1; lastKnownFileType = text.xcconfig; name = "Pods-PLCodeTestUITests.release.xcconfig"; path = "Pods/Target Support Files/Pods-PLCodeTestUITests/Pods-PLCodeTestUITests.release.xcconfig"; sourceTree = "<group>"; };
		300A25A21DA85146007D653F /* PLErrors.swift */ = {isa = PBXFileReference; fileEncoding = 4; indentWidth = 2; lastKnownFileType = sourcecode.swift; path = PLErrors.swift; sourceTree = "<group>"; tabWidth = 2; usesTabs = 1; };
		300A25A51DA85B69007D653F /* PLExtensionMainTableDataSource.swift */ = {isa = PBXFileReference; fileEncoding = 4; lastKnownFileType = sourcecode.swift; path = PLExtensionMainTableDataSource.swift; sourceTree = "<group>"; };
		300A25A71DA85C29007D653F /* PLExtensionMainTableDelegate.swift */ = {isa = PBXFileReference; fileEncoding = 4; lastKnownFileType = sourcecode.swift; path = PLExtensionMainTableDelegate.swift; sourceTree = "<group>"; };
		300A25AA1DA86617007D653F /* PLAddBookViewController.swift */ = {isa = PBXFileReference; fileEncoding = 4; lastKnownFileType = sourcecode.swift; path = PLAddBookViewController.swift; sourceTree = "<group>"; };
		30D556581DA94F95006D7003 /* PLNewBookFormView.swift */ = {isa = PBXFileReference; fileEncoding = 4; lastKnownFileType = sourcecode.swift; path = PLNewBookFormView.swift; sourceTree = "<group>"; };
		30D5565A1DA94FAF006D7003 /* PLNewBookFormView.xib */ = {isa = PBXFileReference; fileEncoding = 4; lastKnownFileType = file.xib; path = PLNewBookFormView.xib; sourceTree = "<group>"; };
		30D5565C1DA9892D006D7003 /* PLValidator.swift */ = {isa = PBXFileReference; fileEncoding = 4; lastKnownFileType = sourcecode.swift; path = PLValidator.swift; sourceTree = "<group>"; };
		30D5565F1DA9979B006D7003 /* PLExtensionAddBookViewController.swift */ = {isa = PBXFileReference; fileEncoding = 4; lastKnownFileType = sourcecode.swift; path = PLExtensionAddBookViewController.swift; sourceTree = "<group>"; };
		30FEBEB11DA7F67D00B80010 /* PLCodeTest.app */ = {isa = PBXFileReference; explicitFileType = wrapper.application; includeInIndex = 0; path = PLCodeTest.app; sourceTree = BUILT_PRODUCTS_DIR; };
		30FEBEB41DA7F67D00B80010 /* AppDelegate.swift */ = {isa = PBXFileReference; lastKnownFileType = sourcecode.swift; path = AppDelegate.swift; sourceTree = "<group>"; };
		30FEBEB61DA7F67D00B80010 /* PLMainViewController.swift */ = {isa = PBXFileReference; indentWidth = 2; lastKnownFileType = sourcecode.swift; path = PLMainViewController.swift; sourceTree = "<group>"; tabWidth = 2; usesTabs = 1; };
		30FEBEB91DA7F67D00B80010 /* Base */ = {isa = PBXFileReference; lastKnownFileType = file.storyboard; name = Base; path = Base.lproj/Main.storyboard; sourceTree = "<group>"; };
		30FEBEBB1DA7F67D00B80010 /* Assets.xcassets */ = {isa = PBXFileReference; lastKnownFileType = folder.assetcatalog; path = Assets.xcassets; sourceTree = "<group>"; };
		30FEBEBE1DA7F67D00B80010 /* Base */ = {isa = PBXFileReference; lastKnownFileType = file.storyboard; name = Base; path = Base.lproj/LaunchScreen.storyboard; sourceTree = "<group>"; };
		30FEBEC01DA7F67D00B80010 /* Info.plist */ = {isa = PBXFileReference; lastKnownFileType = text.plist.xml; path = Info.plist; sourceTree = "<group>"; };
		30FEBEC51DA7F67D00B80010 /* PLCodeTestTests.xctest */ = {isa = PBXFileReference; explicitFileType = wrapper.cfbundle; includeInIndex = 0; path = PLCodeTestTests.xctest; sourceTree = BUILT_PRODUCTS_DIR; };
		30FEBEC91DA7F67D00B80010 /* PLCodeTestTests.swift */ = {isa = PBXFileReference; lastKnownFileType = sourcecode.swift; path = PLCodeTestTests.swift; sourceTree = "<group>"; };
		30FEBECB1DA7F67D00B80010 /* Info.plist */ = {isa = PBXFileReference; lastKnownFileType = text.plist.xml; path = Info.plist; sourceTree = "<group>"; };
		30FEBED01DA7F67D00B80010 /* PLCodeTestUITests.xctest */ = {isa = PBXFileReference; explicitFileType = wrapper.cfbundle; includeInIndex = 0; path = PLCodeTestUITests.xctest; sourceTree = BUILT_PRODUCTS_DIR; };
		30FEBED41DA7F67D00B80010 /* PLCodeTestUITests.swift */ = {isa = PBXFileReference; lastKnownFileType = sourcecode.swift; path = PLCodeTestUITests.swift; sourceTree = "<group>"; };
		30FEBED61DA7F67D00B80010 /* Info.plist */ = {isa = PBXFileReference; lastKnownFileType = text.plist.xml; path = Info.plist; sourceTree = "<group>"; };
		30FEBEE81DA7FBF300B80010 /* PLConstants.swift */ = {isa = PBXFileReference; fileEncoding = 4; indentWidth = 2; lastKnownFileType = sourcecode.swift; path = PLConstants.swift; sourceTree = "<group>"; tabWidth = 2; };
		30FEBEEA1DA7FF4600B80010 /* PLBook.swift */ = {isa = PBXFileReference; fileEncoding = 4; lastKnownFileType = sourcecode.swift; path = PLBook.swift; sourceTree = "<group>"; };
		30FEBEED1DA814BE00B80010 /* PLAPIService.swift */ = {isa = PBXFileReference; fileEncoding = 4; indentWidth = 2; lastKnownFileType = sourcecode.swift; path = PLAPIService.swift; sourceTree = "<group>"; tabWidth = 2; usesTabs = 1; };
		30FEBEEF1DA81C2900B80010 /* PLBooks.swift */ = {isa = PBXFileReference; fileEncoding = 4; lastKnownFileType = sourcecode.swift; path = PLBooks.swift; sourceTree = "<group>"; };
		30FEBEF11DA833E900B80010 /* Default-568h@2x.png */ = {isa = PBXFileReference; lastKnownFileType = image.png; path = "Default-568h@2x.png"; sourceTree = "<group>"; };
		36115CE4A46528F70E2B549F /* Pods_PLCodeTestTests.framework */ = {isa = PBXFileReference; explicitFileType = wrapper.framework; includeInIndex = 0; path = Pods_PLCodeTestTests.framework; sourceTree = BUILT_PRODUCTS_DIR; };
		582BFBFEFF6A3D251C7E6DB7 /* Pods-PLCodeTest.debug.xcconfig */ = {isa = PBXFileReference; includeInIndex = 1; lastKnownFileType = text.xcconfig; name = "Pods-PLCodeTest.debug.xcconfig"; path = "Pods/Target Support Files/Pods-PLCodeTest/Pods-PLCodeTest.debug.xcconfig"; sourceTree = "<group>"; };
		5EEB2A7A8D40CA6DC0D79AC5 /* Pods_PLCodeTest.framework */ = {isa = PBXFileReference; explicitFileType = wrapper.framework; includeInIndex = 0; path = Pods_PLCodeTest.framework; sourceTree = BUILT_PRODUCTS_DIR; };
		AC1D0568BB8A8973B886441E /* Pods-PLCodeTestTests.debug.xcconfig */ = {isa = PBXFileReference; includeInIndex = 1; lastKnownFileType = text.xcconfig; name = "Pods-PLCodeTestTests.debug.xcconfig"; path = "Pods/Target Support Files/Pods-PLCodeTestTests/Pods-PLCodeTestTests.debug.xcconfig"; sourceTree = "<group>"; };
		D570332FD75E052029A756BF /* Pods-PLCodeTest.release.xcconfig */ = {isa = PBXFileReference; includeInIndex = 1; lastKnownFileType = text.xcconfig; name = "Pods-PLCodeTest.release.xcconfig"; path = "Pods/Target Support Files/Pods-PLCodeTest/Pods-PLCodeTest.release.xcconfig"; sourceTree = "<group>"; };
		EF7F727AA01AB8921DDE6B36 /* Pods-PLCodeTestUITests.debug.xcconfig */ = {isa = PBXFileReference; includeInIndex = 1; lastKnownFileType = text.xcconfig; name = "Pods-PLCodeTestUITests.debug.xcconfig"; path = "Pods/Target Support Files/Pods-PLCodeTestUITests/Pods-PLCodeTestUITests.debug.xcconfig"; sourceTree = "<group>"; };
/* End PBXFileReference section */

/* Begin PBXFrameworksBuildPhase section */
		30FEBEAE1DA7F67D00B80010 /* Frameworks */ = {
			isa = PBXFrameworksBuildPhase;
			buildActionMask = 2147483647;
			files = (
				57304B6E82CAB6EF56F98391 /* Pods_PLCodeTest.framework in Frameworks */,
			);
			runOnlyForDeploymentPostprocessing = 0;
		};
		30FEBEC21DA7F67D00B80010 /* Frameworks */ = {
			isa = PBXFrameworksBuildPhase;
			buildActionMask = 2147483647;
			files = (
				1EB7236A58F128DAE485B26F /* Pods_PLCodeTestTests.framework in Frameworks */,
			);
			runOnlyForDeploymentPostprocessing = 0;
		};
		30FEBECD1DA7F67D00B80010 /* Frameworks */ = {
			isa = PBXFrameworksBuildPhase;
			buildActionMask = 2147483647;
			files = (
				713FE04CC469018F2AFF3CE3 /* Pods_PLCodeTestUITests.framework in Frameworks */,
			);
			runOnlyForDeploymentPostprocessing = 0;
		};
/* End PBXFrameworksBuildPhase section */

/* Begin PBXGroup section */
		169172B8BBCCA319F215E79A /* Frameworks */ = {
			isa = PBXGroup;
			children = (
				5EEB2A7A8D40CA6DC0D79AC5 /* Pods_PLCodeTest.framework */,
				36115CE4A46528F70E2B549F /* Pods_PLCodeTestTests.framework */,
				0401BF5D021FF4197806B3E0 /* Pods_PLCodeTestUITests.framework */,
			);
			name = Frameworks;
			sourceTree = "<group>";
		};
		300A25A41DA85B0C007D653F /* Extensions */ = {
			isa = PBXGroup;
			children = (
				300A25A51DA85B69007D653F /* PLExtensionMainTableDataSource.swift */,
				300A25A71DA85C29007D653F /* PLExtensionMainTableDelegate.swift */,
			);
			name = Extensions;
			sourceTree = "<group>";
		};
		300A25A91DA865DD007D653F /* AddBook */ = {
			isa = PBXGroup;
			children = (
				30D5565E1DA99750006D7003 /* Extensions */,
				300A25AC1DA86B39007D653F /* Components */,
				300A25AA1DA86617007D653F /* PLAddBookViewController.swift */,
			);
			name = AddBook;
			sourceTree = "<group>";
		};
		300A25AC1DA86B39007D653F /* Components */ = {
			isa = PBXGroup;
			children = (
				30D556581DA94F95006D7003 /* PLNewBookFormView.swift */,
				30D5565A1DA94FAF006D7003 /* PLNewBookFormView.xib */,
			);
			name = Components;
			sourceTree = "<group>";
		};
		30D5565E1DA99750006D7003 /* Extensions */ = {
			isa = PBXGroup;
			children = (
				30D5565F1DA9979B006D7003 /* PLExtensionAddBookViewController.swift */,
			);
			name = Extensions;
			sourceTree = "<group>";
		};
		30FEBEA81DA7F67D00B80010 = {
			isa = PBXGroup;
			children = (
				30FEBEF11DA833E900B80010 /* Default-568h@2x.png */,
				30FEBEB31DA7F67D00B80010 /* PLCodeTest */,
				30FEBEC81DA7F67D00B80010 /* PLCodeTestTests */,
				30FEBED31DA7F67D00B80010 /* PLCodeTestUITests */,
				30FEBEB21DA7F67D00B80010 /* Products */,
				9C11D1F285BAE7FD9044E69D /* Pods */,
				169172B8BBCCA319F215E79A /* Frameworks */,
			);
			sourceTree = "<group>";
		};
		30FEBEB21DA7F67D00B80010 /* Products */ = {
			isa = PBXGroup;
			children = (
				30FEBEB11DA7F67D00B80010 /* PLCodeTest.app */,
				30FEBEC51DA7F67D00B80010 /* PLCodeTestTests.xctest */,
				30FEBED01DA7F67D00B80010 /* PLCodeTestUITests.xctest */,
			);
			name = Products;
			sourceTree = "<group>";
		};
		30FEBEB31DA7F67D00B80010 /* PLCodeTest */ = {
			isa = PBXGroup;
			children = (
				30FEBEEC1DA8020F00B80010 /* Utils */,
				30FEBEE71DA7FBD300B80010 /* Constants */,
				30FEBEE61DA7FADA00B80010 /* Assets */,
				30FEBEE41DA7FA4C00B80010 /* Models */,
				30FEBEE21DA7F8E000B80010 /* Controllers */,
				30FEBEB41DA7F67D00B80010 /* AppDelegate.swift */,
				30FEBEB81DA7F67D00B80010 /* Main.storyboard */,
				300A25A21DA85146007D653F /* PLErrors.swift */,
			);
			path = PLCodeTest;
			sourceTree = "<group>";
		};
		30FEBEC81DA7F67D00B80010 /* PLCodeTestTests */ = {
			isa = PBXGroup;
			children = (
				30FEBEC91DA7F67D00B80010 /* PLCodeTestTests.swift */,
				30FEBECB1DA7F67D00B80010 /* Info.plist */,
			);
			path = PLCodeTestTests;
			sourceTree = "<group>";
		};
		30FEBED31DA7F67D00B80010 /* PLCodeTestUITests */ = {
			isa = PBXGroup;
			children = (
				30FEBED41DA7F67D00B80010 /* PLCodeTestUITests.swift */,
				30FEBED61DA7F67D00B80010 /* Info.plist */,
			);
			path = PLCodeTestUITests;
			sourceTree = "<group>";
		};
		30FEBEE21DA7F8E000B80010 /* Controllers */ = {
			isa = PBXGroup;
			children = (
				300A25A91DA865DD007D653F /* AddBook */,
				30FEBEE31DA7FA1400B80010 /* Main */,
			);
			name = Controllers;
			sourceTree = "<group>";
		};
		30FEBEE31DA7FA1400B80010 /* Main */ = {
			isa = PBXGroup;
			children = (
				300A25A41DA85B0C007D653F /* Extensions */,
				30FEBEB61DA7F67D00B80010 /* PLMainViewController.swift */,
			);
			name = Main;
			sourceTree = "<group>";
		};
		30FEBEE41DA7FA4C00B80010 /* Models */ = {
			isa = PBXGroup;
			children = (
				30FEBEE51DA7FA5700B80010 /* concerns */,
				30FEBEEA1DA7FF4600B80010 /* PLBook.swift */,
				30FEBEEF1DA81C2900B80010 /* PLBooks.swift */,
			);
			name = Models;
			sourceTree = "<group>";
		};
		30FEBEE51DA7FA5700B80010 /* concerns */ = {
			isa = PBXGroup;
			children = (
				30D5565C1DA9892D006D7003 /* PLValidator.swift */,
			);
			name = concerns;
			sourceTree = "<group>";
		};
		30FEBEE61DA7FADA00B80010 /* Assets */ = {
			isa = PBXGroup;
			children = (
				30FEBEBB1DA7F67D00B80010 /* Assets.xcassets */,
				30FEBEBD1DA7F67D00B80010 /* LaunchScreen.storyboard */,
				30FEBEC01DA7F67D00B80010 /* Info.plist */,
			);
			name = Assets;
			sourceTree = "<group>";
		};
		30FEBEE71DA7FBD300B80010 /* Constants */ = {
			isa = PBXGroup;
			children = (
				30FEBEE81DA7FBF300B80010 /* PLConstants.swift */,
			);
			name = Constants;
			sourceTree = "<group>";
		};
		30FEBEEC1DA8020F00B80010 /* Utils */ = {
			isa = PBXGroup;
			children = (
				30FEBEED1DA814BE00B80010 /* PLAPIService.swift */,
			);
			name = Utils;
			sourceTree = "<group>";
		};
		9C11D1F285BAE7FD9044E69D /* Pods */ = {
			isa = PBXGroup;
			children = (
				582BFBFEFF6A3D251C7E6DB7 /* Pods-PLCodeTest.debug.xcconfig */,
				D570332FD75E052029A756BF /* Pods-PLCodeTest.release.xcconfig */,
				AC1D0568BB8A8973B886441E /* Pods-PLCodeTestTests.debug.xcconfig */,
				197447C4FC4A15BED393FFB8 /* Pods-PLCodeTestTests.release.xcconfig */,
				EF7F727AA01AB8921DDE6B36 /* Pods-PLCodeTestUITests.debug.xcconfig */,
				1C834D5DE75777D1B8B71123 /* Pods-PLCodeTestUITests.release.xcconfig */,
			);
			name = Pods;
			sourceTree = "<group>";
		};
/* End PBXGroup section */

/* Begin PBXNativeTarget section */
		30FEBEB01DA7F67D00B80010 /* PLCodeTest */ = {
			isa = PBXNativeTarget;
			buildConfigurationList = 30FEBED91DA7F67D00B80010 /* Build configuration list for PBXNativeTarget "PLCodeTest" */;
			buildPhases = (
				CAF7B42C0596B28C9C9F37D1 /* [CP] Check Pods Manifest.lock */,
				30FEBEAD1DA7F67D00B80010 /* Sources */,
				30FEBEAE1DA7F67D00B80010 /* Frameworks */,
				30FEBEAF1DA7F67D00B80010 /* Resources */,
				6A69B050746F5389759CE24A /* [CP] Embed Pods Frameworks */,
				4AD7A39A63B1245940C07804 /* [CP] Copy Pods Resources */,
			);
			buildRules = (
			);
			dependencies = (
			);
			name = PLCodeTest;
			productName = PLCodeTest;
			productReference = 30FEBEB11DA7F67D00B80010 /* PLCodeTest.app */;
			productType = "com.apple.product-type.application";
		};
		30FEBEC41DA7F67D00B80010 /* PLCodeTestTests */ = {
			isa = PBXNativeTarget;
			buildConfigurationList = 30FEBEDC1DA7F67D00B80010 /* Build configuration list for PBXNativeTarget "PLCodeTestTests" */;
			buildPhases = (
				A5A35295F3D9443C4BFDB393 /* [CP] Check Pods Manifest.lock */,
				30FEBEC11DA7F67D00B80010 /* Sources */,
				30FEBEC21DA7F67D00B80010 /* Frameworks */,
				30FEBEC31DA7F67D00B80010 /* Resources */,
				FFE54FB7281856FE0FC2D1E7 /* [CP] Embed Pods Frameworks */,
				A46D0E6B082451CD92BA3DB2 /* [CP] Copy Pods Resources */,
			);
			buildRules = (
			);
			dependencies = (
				30FEBEC71DA7F67D00B80010 /* PBXTargetDependency */,
			);
			name = PLCodeTestTests;
			productName = PLCodeTestTests;
			productReference = 30FEBEC51DA7F67D00B80010 /* PLCodeTestTests.xctest */;
			productType = "com.apple.product-type.bundle.unit-test";
		};
		30FEBECF1DA7F67D00B80010 /* PLCodeTestUITests */ = {
			isa = PBXNativeTarget;
			buildConfigurationList = 30FEBEDF1DA7F67D00B80010 /* Build configuration list for PBXNativeTarget "PLCodeTestUITests" */;
			buildPhases = (
				BD9518B36E284C5647419C80 /* [CP] Check Pods Manifest.lock */,
				30FEBECC1DA7F67D00B80010 /* Sources */,
				30FEBECD1DA7F67D00B80010 /* Frameworks */,
				30FEBECE1DA7F67D00B80010 /* Resources */,
				534BC9D27FDDD44BB2C9BC68 /* [CP] Embed Pods Frameworks */,
				D85571B9C3FE9F3AEE19E4B3 /* [CP] Copy Pods Resources */,
			);
			buildRules = (
			);
			dependencies = (
				30FEBED21DA7F67D00B80010 /* PBXTargetDependency */,
			);
			name = PLCodeTestUITests;
			productName = PLCodeTestUITests;
			productReference = 30FEBED01DA7F67D00B80010 /* PLCodeTestUITests.xctest */;
			productType = "com.apple.product-type.bundle.ui-testing";
		};
/* End PBXNativeTarget section */

/* Begin PBXProject section */
		30FEBEA91DA7F67D00B80010 /* Project object */ = {
			isa = PBXProject;
			attributes = {
				LastSwiftUpdateCheck = 0720;
				LastUpgradeCheck = 0800;
				ORGANIZATIONNAME = YuanGao;
				TargetAttributes = {
					30FEBEB01DA7F67D00B80010 = {
						CreatedOnToolsVersion = 7.2.1;
						LastSwiftMigration = 0800;
					};
					30FEBEC41DA7F67D00B80010 = {
						CreatedOnToolsVersion = 7.2.1;
						LastSwiftMigration = 0800;
						TestTargetID = 30FEBEB01DA7F67D00B80010;
					};
					30FEBECF1DA7F67D00B80010 = {
						CreatedOnToolsVersion = 7.2.1;
						LastSwiftMigration = 0800;
						TestTargetID = 30FEBEB01DA7F67D00B80010;
					};
				};
			};
			buildConfigurationList = 30FEBEAC1DA7F67D00B80010 /* Build configuration list for PBXProject "PLCodeTest" */;
			compatibilityVersion = "Xcode 3.2";
			developmentRegion = English;
			hasScannedForEncodings = 0;
			knownRegions = (
				en,
				Base,
			);
			mainGroup = 30FEBEA81DA7F67D00B80010;
			productRefGroup = 30FEBEB21DA7F67D00B80010 /* Products */;
			projectDirPath = "";
			projectRoot = "";
			targets = (
				30FEBEB01DA7F67D00B80010 /* PLCodeTest */,
				30FEBEC41DA7F67D00B80010 /* PLCodeTestTests */,
				30FEBECF1DA7F67D00B80010 /* PLCodeTestUITests */,
			);
		};
/* End PBXProject section */

/* Begin PBXResourcesBuildPhase section */
		30FEBEAF1DA7F67D00B80010 /* Resources */ = {
			isa = PBXResourcesBuildPhase;
			buildActionMask = 2147483647;
			files = (
				30FEBEBF1DA7F67D00B80010 /* LaunchScreen.storyboard in Resources */,
				30FEBEF21DA833E900B80010 /* Default-568h@2x.png in Resources */,
				30FEBEBC1DA7F67D00B80010 /* Assets.xcassets in Resources */,
				30D5565B1DA94FAF006D7003 /* PLNewBookFormView.xib in Resources */,
				30FEBEBA1DA7F67D00B80010 /* Main.storyboard in Resources */,
			);
			runOnlyForDeploymentPostprocessing = 0;
		};
		30FEBEC31DA7F67D00B80010 /* Resources */ = {
			isa = PBXResourcesBuildPhase;
			buildActionMask = 2147483647;
			files = (
			);
			runOnlyForDeploymentPostprocessing = 0;
		};
		30FEBECE1DA7F67D00B80010 /* Resources */ = {
			isa = PBXResourcesBuildPhase;
			buildActionMask = 2147483647;
			files = (
			);
			runOnlyForDeploymentPostprocessing = 0;
		};
/* End PBXResourcesBuildPhase section */

/* Begin PBXShellScriptBuildPhase section */
		4AD7A39A63B1245940C07804 /* [CP] Copy Pods Resources */ = {
			isa = PBXShellScriptBuildPhase;
			buildActionMask = 2147483647;
			files = (
			);
			inputPaths = (
			);
			name = "[CP] Copy Pods Resources";
			outputPaths = (
			);
			runOnlyForDeploymentPostprocessing = 0;
			shellPath = /bin/sh;
			shellScript = "\"${SRCROOT}/Pods/Target Support Files/Pods-PLCodeTest/Pods-PLCodeTest-resources.sh\"\n";
			showEnvVarsInLog = 0;
		};
		534BC9D27FDDD44BB2C9BC68 /* [CP] Embed Pods Frameworks */ = {
			isa = PBXShellScriptBuildPhase;
			buildActionMask = 2147483647;
			files = (
			);
			inputPaths = (
			);
			name = "[CP] Embed Pods Frameworks";
			outputPaths = (
			);
			runOnlyForDeploymentPostprocessing = 0;
			shellPath = /bin/sh;
			shellScript = "\"${SRCROOT}/Pods/Target Support Files/Pods-PLCodeTestUITests/Pods-PLCodeTestUITests-frameworks.sh\"\n";
			showEnvVarsInLog = 0;
		};
		6A69B050746F5389759CE24A /* [CP] Embed Pods Frameworks */ = {
			isa = PBXShellScriptBuildPhase;
			buildActionMask = 2147483647;
			files = (
			);
			inputPaths = (
			);
			name = "[CP] Embed Pods Frameworks";
			outputPaths = (
			);
			runOnlyForDeploymentPostprocessing = 0;
			shellPath = /bin/sh;
			shellScript = "\"${SRCROOT}/Pods/Target Support Files/Pods-PLCodeTest/Pods-PLCodeTest-frameworks.sh\"\n";
			showEnvVarsInLog = 0;
		};
		A46D0E6B082451CD92BA3DB2 /* [CP] Copy Pods Resources */ = {
			isa = PBXShellScriptBuildPhase;
			buildActionMask = 2147483647;
			files = (
			);
			inputPaths = (
			);
			name = "[CP] Copy Pods Resources";
			outputPaths = (
			);
			runOnlyForDeploymentPostprocessing = 0;
			shellPath = /bin/sh;
			shellScript = "\"${SRCROOT}/Pods/Target Support Files/Pods-PLCodeTestTests/Pods-PLCodeTestTests-resources.sh\"\n";
			showEnvVarsInLog = 0;
		};
		A5A35295F3D9443C4BFDB393 /* [CP] Check Pods Manifest.lock */ = {
			isa = PBXShellScriptBuildPhase;
			buildActionMask = 2147483647;
			files = (
			);
			inputPaths = (
			);
			name = "[CP] Check Pods Manifest.lock";
			outputPaths = (
			);
			runOnlyForDeploymentPostprocessing = 0;
			shellPath = /bin/sh;
			shellScript = "diff \"${PODS_ROOT}/../Podfile.lock\" \"${PODS_ROOT}/Manifest.lock\" > /dev/null\nif [ $? != 0 ] ; then\n    # print error to STDERR\n    echo \"error: The sandbox is not in sync with the Podfile.lock. Run 'pod install' or update your CocoaPods installation.\" >&2\n    exit 1\nfi\n";
			showEnvVarsInLog = 0;
		};
		BD9518B36E284C5647419C80 /* [CP] Check Pods Manifest.lock */ = {
			isa = PBXShellScriptBuildPhase;
			buildActionMask = 2147483647;
			files = (
			);
			inputPaths = (
			);
			name = "[CP] Check Pods Manifest.lock";
			outputPaths = (
			);
			runOnlyForDeploymentPostprocessing = 0;
			shellPath = /bin/sh;
			shellScript = "diff \"${PODS_ROOT}/../Podfile.lock\" \"${PODS_ROOT}/Manifest.lock\" > /dev/null\nif [ $? != 0 ] ; then\n    # print error to STDERR\n    echo \"error: The sandbox is not in sync with the Podfile.lock. Run 'pod install' or update your CocoaPods installation.\" >&2\n    exit 1\nfi\n";
			showEnvVarsInLog = 0;
		};
		CAF7B42C0596B28C9C9F37D1 /* [CP] Check Pods Manifest.lock */ = {
			isa = PBXShellScriptBuildPhase;
			buildActionMask = 2147483647;
			files = (
			);
			inputPaths = (
			);
			name = "[CP] Check Pods Manifest.lock";
			outputPaths = (
			);
			runOnlyForDeploymentPostprocessing = 0;
			shellPath = /bin/sh;
			shellScript = "diff \"${PODS_ROOT}/../Podfile.lock\" \"${PODS_ROOT}/Manifest.lock\" > /dev/null\nif [ $? != 0 ] ; then\n    # print error to STDERR\n    echo \"error: The sandbox is not in sync with the Podfile.lock. Run 'pod install' or update your CocoaPods installation.\" >&2\n    exit 1\nfi\n";
			showEnvVarsInLog = 0;
		};
		D85571B9C3FE9F3AEE19E4B3 /* [CP] Copy Pods Resources */ = {
			isa = PBXShellScriptBuildPhase;
			buildActionMask = 2147483647;
			files = (
			);
			inputPaths = (
			);
			name = "[CP] Copy Pods Resources";
			outputPaths = (
			);
			runOnlyForDeploymentPostprocessing = 0;
			shellPath = /bin/sh;
			shellScript = "\"${SRCROOT}/Pods/Target Support Files/Pods-PLCodeTestUITests/Pods-PLCodeTestUITests-resources.sh\"\n";
			showEnvVarsInLog = 0;
		};
		FFE54FB7281856FE0FC2D1E7 /* [CP] Embed Pods Frameworks */ = {
			isa = PBXShellScriptBuildPhase;
			buildActionMask = 2147483647;
			files = (
			);
			inputPaths = (
			);
			name = "[CP] Embed Pods Frameworks";
			outputPaths = (
			);
			runOnlyForDeploymentPostprocessing = 0;
			shellPath = /bin/sh;
			shellScript = "\"${SRCROOT}/Pods/Target Support Files/Pods-PLCodeTestTests/Pods-PLCodeTestTests-frameworks.sh\"\n";
			showEnvVarsInLog = 0;
		};
/* End PBXShellScriptBuildPhase section */

/* Begin PBXSourcesBuildPhase section */
		30FEBEAD1DA7F67D00B80010 /* Sources */ = {
			isa = PBXSourcesBuildPhase;
			buildActionMask = 2147483647;
			files = (
				300A25A81DA85C29007D653F /* PLExtensionMainTableDelegate.swift in Sources */,
				30FEBEF01DA81C2900B80010 /* PLBooks.swift in Sources */,
				30FEBEEE1DA814BE00B80010 /* PLAPIService.swift in Sources */,
				300A25A61DA85B69007D653F /* PLExtensionMainTableDataSource.swift in Sources */,
				30FEBEB71DA7F67D00B80010 /* PLMainViewController.swift in Sources */,
				300A25A31DA85146007D653F /* PLErrors.swift in Sources */,
				30FEBEB51DA7F67D00B80010 /* AppDelegate.swift in Sources */,
				30D556591DA94F95006D7003 /* PLNewBookFormView.swift in Sources */,
				300A25AB1DA86617007D653F /* PLAddBookViewController.swift in Sources */,
				30FEBEEB1DA7FF4600B80010 /* PLBook.swift in Sources */,
				30D5565D1DA9892D006D7003 /* PLValidator.swift in Sources */,
				30FEBEE91DA7FBF300B80010 /* PLConstants.swift in Sources */,
				30D556601DA9979B006D7003 /* PLExtensionAddBookViewController.swift in Sources */,
			);
			runOnlyForDeploymentPostprocessing = 0;
		};
		30FEBEC11DA7F67D00B80010 /* Sources */ = {
			isa = PBXSourcesBuildPhase;
			buildActionMask = 2147483647;
			files = (
				30FEBECA1DA7F67D00B80010 /* PLCodeTestTests.swift in Sources */,
			);
			runOnlyForDeploymentPostprocessing = 0;
		};
		30FEBECC1DA7F67D00B80010 /* Sources */ = {
			isa = PBXSourcesBuildPhase;
			buildActionMask = 2147483647;
			files = (
				30FEBED51DA7F67D00B80010 /* PLCodeTestUITests.swift in Sources */,
			);
			runOnlyForDeploymentPostprocessing = 0;
		};
/* End PBXSourcesBuildPhase section */

/* Begin PBXTargetDependency section */
		30FEBEC71DA7F67D00B80010 /* PBXTargetDependency */ = {
			isa = PBXTargetDependency;
			target = 30FEBEB01DA7F67D00B80010 /* PLCodeTest */;
			targetProxy = 30FEBEC61DA7F67D00B80010 /* PBXContainerItemProxy */;
		};
		30FEBED21DA7F67D00B80010 /* PBXTargetDependency */ = {
			isa = PBXTargetDependency;
			target = 30FEBEB01DA7F67D00B80010 /* PLCodeTest */;
			targetProxy = 30FEBED11DA7F67D00B80010 /* PBXContainerItemProxy */;
		};
/* End PBXTargetDependency section */

/* Begin PBXVariantGroup section */
		30FEBEB81DA7F67D00B80010 /* Main.storyboard */ = {
			isa = PBXVariantGroup;
			children = (
				30FEBEB91DA7F67D00B80010 /* Base */,
			);
			name = Main.storyboard;
			sourceTree = "<group>";
		};
		30FEBEBD1DA7F67D00B80010 /* LaunchScreen.storyboard */ = {
			isa = PBXVariantGroup;
			children = (
				30FEBEBE1DA7F67D00B80010 /* Base */,
			);
			name = LaunchScreen.storyboard;
			sourceTree = "<group>";
		};
/* End PBXVariantGroup section */

/* Begin XCBuildConfiguration section */
		30FEBED71DA7F67D00B80010 /* Debug */ = {
			isa = XCBuildConfiguration;
			buildSettings = {
				ALWAYS_SEARCH_USER_PATHS = NO;
				CLANG_CXX_LANGUAGE_STANDARD = "gnu++0x";
				CLANG_CXX_LIBRARY = "libc++";
				CLANG_ENABLE_MODULES = YES;
				CLANG_ENABLE_OBJC_ARC = YES;
				CLANG_WARN_BOOL_CONVERSION = YES;
				CLANG_WARN_CONSTANT_CONVERSION = YES;
				CLANG_WARN_DIRECT_OBJC_ISA_USAGE = YES_ERROR;
				CLANG_WARN_EMPTY_BODY = YES;
				CLANG_WARN_ENUM_CONVERSION = YES;
				CLANG_WARN_INFINITE_RECURSION = YES;
				CLANG_WARN_INT_CONVERSION = YES;
				CLANG_WARN_OBJC_ROOT_CLASS = YES_ERROR;
				CLANG_WARN_SUSPICIOUS_MOVE = YES;
				CLANG_WARN_UNREACHABLE_CODE = YES;
				CLANG_WARN__DUPLICATE_METHOD_MATCH = YES;
				"CODE_SIGN_IDENTITY[sdk=iphoneos*]" = "iPhone Developer";
				COPY_PHASE_STRIP = NO;
				DEBUG_INFORMATION_FORMAT = dwarf;
				ENABLE_STRICT_OBJC_MSGSEND = YES;
				ENABLE_TESTABILITY = YES;
				GCC_C_LANGUAGE_STANDARD = gnu99;
				GCC_DYNAMIC_NO_PIC = NO;
				GCC_NO_COMMON_BLOCKS = YES;
				GCC_OPTIMIZATION_LEVEL = 0;
				GCC_PREPROCESSOR_DEFINITIONS = (
					"DEBUG=1",
					"$(inherited)",
				);
				GCC_WARN_64_TO_32_BIT_CONVERSION = YES;
				GCC_WARN_ABOUT_RETURN_TYPE = YES_ERROR;
				GCC_WARN_UNDECLARED_SELECTOR = YES;
				GCC_WARN_UNINITIALIZED_AUTOS = YES_AGGRESSIVE;
				GCC_WARN_UNUSED_FUNCTION = YES;
				GCC_WARN_UNUSED_VARIABLE = YES;
				IPHONEOS_DEPLOYMENT_TARGET = 8.0;
				MTL_ENABLE_DEBUG_INFO = YES;
				ONLY_ACTIVE_ARCH = YES;
				SDKROOT = iphoneos;
				SWIFT_OPTIMIZATION_LEVEL = "-Onone";
			};
			name = Debug;
		};
		30FEBED81DA7F67D00B80010 /* Release */ = {
			isa = XCBuildConfiguration;
			buildSettings = {
				ALWAYS_SEARCH_USER_PATHS = NO;
				CLANG_CXX_LANGUAGE_STANDARD = "gnu++0x";
				CLANG_CXX_LIBRARY = "libc++";
				CLANG_ENABLE_MODULES = YES;
				CLANG_ENABLE_OBJC_ARC = YES;
				CLANG_WARN_BOOL_CONVERSION = YES;
				CLANG_WARN_CONSTANT_CONVERSION = YES;
				CLANG_WARN_DIRECT_OBJC_ISA_USAGE = YES_ERROR;
				CLANG_WARN_EMPTY_BODY = YES;
				CLANG_WARN_ENUM_CONVERSION = YES;
				CLANG_WARN_INFINITE_RECURSION = YES;
				CLANG_WARN_INT_CONVERSION = YES;
				CLANG_WARN_OBJC_ROOT_CLASS = YES_ERROR;
				CLANG_WARN_SUSPICIOUS_MOVE = YES;
				CLANG_WARN_UNREACHABLE_CODE = YES;
				CLANG_WARN__DUPLICATE_METHOD_MATCH = YES;
				"CODE_SIGN_IDENTITY[sdk=iphoneos*]" = "iPhone Developer";
				COPY_PHASE_STRIP = NO;
				DEBUG_INFORMATION_FORMAT = "dwarf-with-dsym";
				ENABLE_NS_ASSERTIONS = NO;
				ENABLE_STRICT_OBJC_MSGSEND = YES;
				GCC_C_LANGUAGE_STANDARD = gnu99;
				GCC_NO_COMMON_BLOCKS = YES;
				GCC_WARN_64_TO_32_BIT_CONVERSION = YES;
				GCC_WARN_ABOUT_RETURN_TYPE = YES_ERROR;
				GCC_WARN_UNDECLARED_SELECTOR = YES;
				GCC_WARN_UNINITIALIZED_AUTOS = YES_AGGRESSIVE;
				GCC_WARN_UNUSED_FUNCTION = YES;
				GCC_WARN_UNUSED_VARIABLE = YES;
				IPHONEOS_DEPLOYMENT_TARGET = 8.0;
				MTL_ENABLE_DEBUG_INFO = NO;
				SDKROOT = iphoneos;
				SWIFT_OPTIMIZATION_LEVEL = "-Owholemodule";
				VALIDATE_PRODUCT = YES;
			};
			name = Release;
		};
		30FEBEDA1DA7F67D00B80010 /* Debug */ = {
			isa = XCBuildConfiguration;
			baseConfigurationReference = 582BFBFEFF6A3D251C7E6DB7 /* Pods-PLCodeTest.debug.xcconfig */;
			buildSettings = {
				ALWAYS_EMBED_SWIFT_STANDARD_LIBRARIES = YES;
				ASSETCATALOG_COMPILER_APPICON_NAME = AppIcon;
				INFOPLIST_FILE = PLCodeTest/Info.plist;
				IPHONEOS_DEPLOYMENT_TARGET = 8.1;
				LD_RUNPATH_SEARCH_PATHS = "$(inherited) @executable_path/Frameworks";
				PRODUCT_BUNDLE_IDENTIFIER = YuanGao.PLCodeTest;
				PRODUCT_NAME = "$(TARGET_NAME)";
				SWIFT_VERSION = 3.0;
			};
			name = Debug;
		};
		30FEBEDB1DA7F67D00B80010 /* Release */ = {
			isa = XCBuildConfiguration;
			baseConfigurationReference = D570332FD75E052029A756BF /* Pods-PLCodeTest.release.xcconfig */;
			buildSettings = {
				ALWAYS_EMBED_SWIFT_STANDARD_LIBRARIES = YES;
				ASSETCATALOG_COMPILER_APPICON_NAME = AppIcon;
				INFOPLIST_FILE = PLCodeTest/Info.plist;
				IPHONEOS_DEPLOYMENT_TARGET = 8.1;
				LD_RUNPATH_SEARCH_PATHS = "$(inherited) @executable_path/Frameworks";
				PRODUCT_BUNDLE_IDENTIFIER = YuanGao.PLCodeTest;
				PRODUCT_NAME = "$(TARGET_NAME)";
				SWIFT_VERSION = 3.0;
			};
			name = Release;
		};
		30FEBEDD1DA7F67D00B80010 /* Debug */ = {
			isa = XCBuildConfiguration;
			baseConfigurationReference = AC1D0568BB8A8973B886441E /* Pods-PLCodeTestTests.debug.xcconfig */;
			buildSettings = {
				BUNDLE_LOADER = "$(TEST_HOST)";
				INFOPLIST_FILE = PLCodeTestTests/Info.plist;
				LD_RUNPATH_SEARCH_PATHS = "$(inherited) @executable_path/Frameworks @loader_path/Frameworks";
				PRODUCT_BUNDLE_IDENTIFIER = YuanGao.PLCodeTestTests;
				PRODUCT_NAME = "$(TARGET_NAME)";
				SWIFT_VERSION = 3.0;
				TEST_HOST = "$(BUILT_PRODUCTS_DIR)/PLCodeTest.app/PLCodeTest";
			};
			name = Debug;
		};
		30FEBEDE1DA7F67D00B80010 /* Release */ = {
			isa = XCBuildConfiguration;
			baseConfigurationReference = 197447C4FC4A15BED393FFB8 /* Pods-PLCodeTestTests.release.xcconfig */;
			buildSettings = {
				BUNDLE_LOADER = "$(TEST_HOST)";
				INFOPLIST_FILE = PLCodeTestTests/Info.plist;
				LD_RUNPATH_SEARCH_PATHS = "$(inherited) @executable_path/Frameworks @loader_path/Frameworks";
				PRODUCT_BUNDLE_IDENTIFIER = YuanGao.PLCodeTestTests;
				PRODUCT_NAME = "$(TARGET_NAME)";
				SWIFT_VERSION = 3.0;
				TEST_HOST = "$(BUILT_PRODUCTS_DIR)/PLCodeTest.app/PLCodeTest";
			};
			name = Release;
		};
		30FEBEE01DA7F67D00B80010 /* Debug */ = {
			isa = XCBuildConfiguration;
			baseConfigurationReference = EF7F727AA01AB8921DDE6B36 /* Pods-PLCodeTestUITests.debug.xcconfig */;
			buildSettings = {
				INFOPLIST_FILE = PLCodeTestUITests/Info.plist;
				LD_RUNPATH_SEARCH_PATHS = "$(inherited) @executable_path/Frameworks @loader_path/Frameworks";
				PRODUCT_BUNDLE_IDENTIFIER = YuanGao.PLCodeTestUITests;
				PRODUCT_NAME = "$(TARGET_NAME)";
				SWIFT_VERSION = 3.0;
				TEST_TARGET_NAME = PLCodeTest;
				USES_XCTRUNNER = YES;
			};
			name = Debug;
		};
		30FEBEE11DA7F67D00B80010 /* Release */ = {
			isa = XCBuildConfiguration;
			baseConfigurationReference = 1C834D5DE75777D1B8B71123 /* Pods-PLCodeTestUITests.release.xcconfig */;
			buildSettings = {
				INFOPLIST_FILE = PLCodeTestUITests/Info.plist;
				LD_RUNPATH_SEARCH_PATHS = "$(inherited) @executable_path/Frameworks @loader_path/Frameworks";
				PRODUCT_BUNDLE_IDENTIFIER = YuanGao.PLCodeTestUITests;
				PRODUCT_NAME = "$(TARGET_NAME)";
				SWIFT_VERSION = 3.0;
				TEST_TARGET_NAME = PLCodeTest;
				USES_XCTRUNNER = YES;
			};
			name = Release;
		};
/* End XCBuildConfiguration section */

/* Begin XCConfigurationList section */
		30FEBEAC1DA7F67D00B80010 /* Build configuration list for PBXProject "PLCodeTest" */ = {
			isa = XCConfigurationList;
			buildConfigurations = (
				30FEBED71DA7F67D00B80010 /* Debug */,
				30FEBED81DA7F67D00B80010 /* Release */,
			);
			defaultConfigurationIsVisible = 0;
			defaultConfigurationName = Release;
		};
		30FEBED91DA7F67D00B80010 /* Build configuration list for PBXNativeTarget "PLCodeTest" */ = {
			isa = XCConfigurationList;
			buildConfigurations = (
				30FEBEDA1DA7F67D00B80010 /* Debug */,
				30FEBEDB1DA7F67D00B80010 /* Release */,
			);
			defaultConfigurationIsVisible = 0;
			defaultConfigurationName = Release;
		};
		30FEBEDC1DA7F67D00B80010 /* Build configuration list for PBXNativeTarget "PLCodeTestTests" */ = {
			isa = XCConfigurationList;
			buildConfigurations = (
				30FEBEDD1DA7F67D00B80010 /* Debug */,
				30FEBEDE1DA7F67D00B80010 /* Release */,
			);
			defaultConfigurationIsVisible = 0;
			defaultConfigurationName = Release;
		};
		30FEBEDF1DA7F67D00B80010 /* Build configuration list for PBXNativeTarget "PLCodeTestUITests" */ = {
			isa = XCConfigurationList;
			buildConfigurations = (
				30FEBEE01DA7F67D00B80010 /* Debug */,
				30FEBEE11DA7F67D00B80010 /* Release */,
			);
			defaultConfigurationIsVisible = 0;
			defaultConfigurationName = Release;
		};
/* End XCConfigurationList section */
	};
	rootObject = 30FEBEA91DA7F67D00B80010 /* Project object */;
}
